// !$*UTF8*$!
{
	archiveVersion = 1;
	classes = {
	};
	objectVersion = 50;
	objects = {

/* Begin PBXBuildFile section */
		1A7D04C726B8214600F91223 /* FONImageApp.swift in Sources */ = {isa = PBXBuildFile; fileRef = 1A7D04C626B8214600F91223 /* FONImageApp.swift */; };
		1A7D04C926B8214600F91223 /* ContentView.swift in Sources */ = {isa = PBXBuildFile; fileRef = 1A7D04C826B8214600F91223 /* ContentView.swift */; };
		1A7D04CB26B8214700F91223 /* Assets.xcassets in Resources */ = {isa = PBXBuildFile; fileRef = 1A7D04CA26B8214700F91223 /* Assets.xcassets */; };
		1A7D04CE26B8214700F91223 /* Preview Assets.xcassets in Resources */ = {isa = PBXBuildFile; fileRef = 1A7D04CD26B8214700F91223 /* Preview Assets.xcassets */; };
		1A7D04D626B8252700F91223 /* Setting.swift in Sources */ = {isa = PBXBuildFile; fileRef = 1A7D04D526B8252700F91223 /* Setting.swift */; };
		1A7D04D826B8254F00F91223 /* MainView.swift in Sources */ = {isa = PBXBuildFile; fileRef = 1A7D04D726B8254F00F91223 /* MainView.swift */; };
		1A7D04DA26B8257100F91223 /* TextDescription.swift in Sources */ = {isa = PBXBuildFile; fileRef = 1A7D04D926B8257100F91223 /* TextDescription.swift */; };
		1A7D04DC26B8259C00F91223 /* ImagePicker.swift in Sources */ = {isa = PBXBuildFile; fileRef = 1A7D04DB26B8259C00F91223 /* ImagePicker.swift */; };
		1A7D04DE26B825C200F91223 /* NavAppearanceModifierSetup.swift in Sources */ = {isa = PBXBuildFile; fileRef = 1A7D04DD26B825C100F91223 /* NavAppearanceModifierSetup.swift */; };
		1A7D04E026B825EB00F91223 /* ImageWindow.swift in Sources */ = {isa = PBXBuildFile; fileRef = 1A7D04DF26B825EB00F91223 /* ImageWindow.swift */; };
		1A7D04E226B8261700F91223 /* SwiftUIView.swift in Sources */ = {isa = PBXBuildFile; fileRef = 1A7D04E126B8261700F91223 /* SwiftUIView.swift */; };
		1A7D04E426B8263F00F91223 /* CountDownTimer.swift in Sources */ = {isa = PBXBuildFile; fileRef = 1A7D04E326B8263F00F91223 /* CountDownTimer.swift */; };
		1A7D04E626B8270E00F91223 /* TimerSelect.swift in Sources */ = {isa = PBXBuildFile; fileRef = 1A7D04E526B8270E00F91223 /* TimerSelect.swift */; };
/* End PBXBuildFile section */

/* Begin PBXFileReference section */
		1A7D04C326B8214600F91223 /* FONImage.app */ = {isa = PBXFileReference; explicitFileType = wrapper.application; includeInIndex = 0; path = FONImage.app; sourceTree = BUILT_PRODUCTS_DIR; };
		1A7D04C626B8214600F91223 /* FONImageApp.swift */ = {isa = PBXFileReference; lastKnownFileType = sourcecode.swift; path = FONImageApp.swift; sourceTree = "<group>"; };
		1A7D04C826B8214600F91223 /* ContentView.swift */ = {isa = PBXFileReference; lastKnownFileType = sourcecode.swift; path = ContentView.swift; sourceTree = "<group>"; };
		1A7D04CA26B8214700F91223 /* Assets.xcassets */ = {isa = PBXFileReference; lastKnownFileType = folder.assetcatalog; path = Assets.xcassets; sourceTree = "<group>"; };
		1A7D04CD26B8214700F91223 /* Preview Assets.xcassets */ = {isa = PBXFileReference; lastKnownFileType = folder.assetcatalog; path = "Preview Assets.xcassets"; sourceTree = "<group>"; };
		1A7D04CF26B8214700F91223 /* Info.plist */ = {isa = PBXFileReference; lastKnownFileType = text.plist.xml; path = Info.plist; sourceTree = "<group>"; };
		1A7D04D526B8252700F91223 /* Setting.swift */ = {isa = PBXFileReference; lastKnownFileType = sourcecode.swift; path = Setting.swift; sourceTree = "<group>"; };
		1A7D04D726B8254F00F91223 /* MainView.swift */ = {isa = PBXFileReference; lastKnownFileType = sourcecode.swift; path = MainView.swift; sourceTree = "<group>"; };
		1A7D04D926B8257100F91223 /* TextDescription.swift */ = {isa = PBXFileReference; lastKnownFileType = sourcecode.swift; path = TextDescription.swift; sourceTree = "<group>"; };
		1A7D04DB26B8259C00F91223 /* ImagePicker.swift */ = {isa = PBXFileReference; lastKnownFileType = sourcecode.swift; path = ImagePicker.swift; sourceTree = "<group>"; };
		1A7D04DD26B825C100F91223 /* NavAppearanceModifierSetup.swift */ = {isa = PBXFileReference; lastKnownFileType = sourcecode.swift; path = NavAppearanceModifierSetup.swift; sourceTree = "<group>"; };
		1A7D04DF26B825EB00F91223 /* ImageWindow.swift */ = {isa = PBXFileReference; lastKnownFileType = sourcecode.swift; path = ImageWindow.swift; sourceTree = "<group>"; };
		1A7D04E126B8261700F91223 /* SwiftUIView.swift */ = {isa = PBXFileReference; lastKnownFileType = sourcecode.swift; path = SwiftUIView.swift; sourceTree = "<group>"; };
		1A7D04E326B8263F00F91223 /* CountDownTimer.swift */ = {isa = PBXFileReference; lastKnownFileType = sourcecode.swift; path = CountDownTimer.swift; sourceTree = "<group>"; };
		1A7D04E526B8270E00F91223 /* TimerSelect.swift */ = {isa = PBXFileReference; lastKnownFileType = sourcecode.swift; path = TimerSelect.swift; sourceTree = "<group>"; };
/* End PBXFileReference section */

/* Begin PBXFrameworksBuildPhase section */
		1A7D04C026B8214600F91223 /* Frameworks */ = {
			isa = PBXFrameworksBuildPhase;
			buildActionMask = 2147483647;
			files = (
			);
			runOnlyForDeploymentPostprocessing = 0;
		};
/* End PBXFrameworksBuildPhase section */

/* Begin PBXGroup section */
		1A7D04BA26B8214600F91223 = {
			isa = PBXGroup;
			children = (
				1A7D04C526B8214600F91223 /* FONImage */,
				1A7D04C426B8214600F91223 /* Products */,
			);
			sourceTree = "<group>";
		};
		1A7D04C426B8214600F91223 /* Products */ = {
			isa = PBXGroup;
			children = (
				1A7D04C326B8214600F91223 /* FONImage.app */,
			);
			name = Products;
			sourceTree = "<group>";
		};
		1A7D04C526B8214600F91223 /* FONImage */ = {
			isa = PBXGroup;
			children = (
				1A7D04C626B8214600F91223 /* FONImageApp.swift */,
				1A7D04C826B8214600F91223 /* ContentView.swift */,
				1A7D04CA26B8214700F91223 /* Assets.xcassets */,
				1A7D04CF26B8214700F91223 /* Info.plist */,
				1A7D04CC26B8214700F91223 /* Preview Content */,
				1A7D04D526B8252700F91223 /* Setting.swift */,
				1A7D04D726B8254F00F91223 /* MainView.swift */,
				1A7D04D926B8257100F91223 /* TextDescription.swift */,
				1A7D04DB26B8259C00F91223 /* ImagePicker.swift */,
				1A7D04DD26B825C100F91223 /* NavAppearanceModifierSetup.swift */,
				1A7D04DF26B825EB00F91223 /* ImageWindow.swift */,
				1A7D04E126B8261700F91223 /* SwiftUIView.swift */,
				1A7D04E326B8263F00F91223 /* CountDownTimer.swift */,
				1A7D04E526B8270E00F91223 /* TimerSelect.swift */,
			);
			path = FONImage;
			sourceTree = "<group>";
		};
		1A7D04CC26B8214700F91223 /* Preview Content */ = {
			isa = PBXGroup;
			children = (
				1A7D04CD26B8214700F91223 /* Preview Assets.xcassets */,
			);
			path = "Preview Content";
			sourceTree = "<group>";
		};
/* End PBXGroup section */

/* Begin PBXNativeTarget section */
		1A7D04C226B8214600F91223 /* FONImage */ = {
			isa = PBXNativeTarget;
			buildConfigurationList = 1A7D04D226B8214700F91223 /* Build configuration list for PBXNativeTarget "FONImage" */;
			buildPhases = (
				1A7D04BF26B8214600F91223 /* Sources */,
				1A7D04C026B8214600F91223 /* Frameworks */,
				1A7D04C126B8214600F91223 /* Resources */,
			);
			buildRules = (
			);
			dependencies = (
			);
			name = FONImage;
			productName = FONImage;
			productReference = 1A7D04C326B8214600F91223 /* FONImage.app */;
			productType = "com.apple.product-type.application";
		};
/* End PBXNativeTarget section */

/* Begin PBXProject section */
		1A7D04BB26B8214600F91223 /* Project object */ = {
			isa = PBXProject;
			attributes = {
				LastSwiftUpdateCheck = 1250;
				LastUpgradeCheck = 1250;
				TargetAttributes = {
					1A7D04C226B8214600F91223 = {
						CreatedOnToolsVersion = 12.5.1;
					};
				};
			};
			buildConfigurationList = 1A7D04BE26B8214600F91223 /* Build configuration list for PBXProject "FONImage" */;
			compatibilityVersion = "Xcode 9.3";
			developmentRegion = en;
			hasScannedForEncodings = 0;
			knownRegions = (
				en,
				Base,
			);
			mainGroup = 1A7D04BA26B8214600F91223;
			productRefGroup = 1A7D04C426B8214600F91223 /* Products */;
			projectDirPath = "";
			projectRoot = "";
			targets = (
				1A7D04C226B8214600F91223 /* FONImage */,
			);
		};
/* End PBXProject section */

/* Begin PBXResourcesBuildPhase section */
		1A7D04C126B8214600F91223 /* Resources */ = {
			isa = PBXResourcesBuildPhase;
			buildActionMask = 2147483647;
			files = (
				1A7D04CE26B8214700F91223 /* Preview Assets.xcassets in Resources */,
				1A7D04CB26B8214700F91223 /* Assets.xcassets in Resources */,
			);
			runOnlyForDeploymentPostprocessing = 0;
		};
/* End PBXResourcesBuildPhase section */

/* Begin PBXSourcesBuildPhase section */
		1A7D04BF26B8214600F91223 /* Sources */ = {
			isa = PBXSourcesBuildPhase;
			buildActionMask = 2147483647;
			files = (
				1A7D04C926B8214600F91223 /* ContentView.swift in Sources */,
				1A7D04D826B8254F00F91223 /* MainView.swift in Sources */,
				1A7D04E226B8261700F91223 /* SwiftUIView.swift in Sources */,
				1A7D04E426B8263F00F91223 /* CountDownTimer.swift in Sources */,
				1A7D04C726B8214600F91223 /* FONImageApp.swift in Sources */,
				1A7D04DE26B825C200F91223 /* NavAppearanceModifierSetup.swift in Sources */,
				1A7D04E626B8270E00F91223 /* TimerSelect.swift in Sources */,
				1A7D04DC26B8259C00F91223 /* ImagePicker.swift in Sources */,
				1A7D04DA26B8257100F91223 /* TextDescription.swift in Sources */,
				1A7D04D626B8252700F91223 /* Setting.swift in Sources */,
				1A7D04E026B825EB00F91223 /* ImageWindow.swift in Sources */,
			);
			runOnlyForDeploymentPostprocessing = 0;
		};
/* End PBXSourcesBuildPhase section */

/* Begin XCBuildConfiguration section */
		1A7D04D026B8214700F91223 /* Debug */ = {
			isa = XCBuildConfiguration;
			buildSettings = {
				ALWAYS_SEARCH_USER_PATHS = NO;
				CLANG_ANALYZER_NONNULL = YES;
				CLANG_ANALYZER_NUMBER_OBJECT_CONVERSION = YES_AGGRESSIVE;
				CLANG_CXX_LANGUAGE_STANDARD = "gnu++14";
				CLANG_CXX_LIBRARY = "libc++";
				CLANG_ENABLE_MODULES = YES;
				CLANG_ENABLE_OBJC_ARC = YES;
				CLANG_ENABLE_OBJC_WEAK = YES;
				CLANG_WARN_BLOCK_CAPTURE_AUTORELEASING = YES;
				CLANG_WARN_BOOL_CONVERSION = YES;
				CLANG_WARN_COMMA = YES;
				CLANG_WARN_CONSTANT_CONVERSION = YES;
				CLANG_WARN_DEPRECATED_OBJC_IMPLEMENTATIONS = YES;
				CLANG_WARN_DIRECT_OBJC_ISA_USAGE = YES_ERROR;
				CLANG_WARN_DOCUMENTATION_COMMENTS = YES;
				CLANG_WARN_EMPTY_BODY = YES;
				CLANG_WARN_ENUM_CONVERSION = YES;
				CLANG_WARN_INFINITE_RECURSION = YES;
				CLANG_WARN_INT_CONVERSION = YES;
				CLANG_WARN_NON_LITERAL_NULL_CONVERSION = YES;
				CLANG_WARN_OBJC_IMPLICIT_RETAIN_SELF = YES;
				CLANG_WARN_OBJC_LITERAL_CONVERSION = YES;
				CLANG_WARN_OBJC_ROOT_CLASS = YES_ERROR;
				CLANG_WARN_QUOTED_INCLUDE_IN_FRAMEWORK_HEADER = YES;
				CLANG_WARN_RANGE_LOOP_ANALYSIS = YES;
				CLANG_WARN_STRICT_PROTOTYPES = YES;
				CLANG_WARN_SUSPICIOUS_MOVE = YES;
				CLANG_WARN_UNGUARDED_AVAILABILITY = YES_AGGRESSIVE;
				CLANG_WARN_UNREACHABLE_CODE = YES;
				CLANG_WARN__DUPLICATE_METHOD_MATCH = YES;
				COPY_PHASE_STRIP = NO;
				DEBUG_INFORMATION_FORMAT = dwarf;
				ENABLE_STRICT_OBJC_MSGSEND = YES;
				ENABLE_TESTABILITY = YES;
				GCC_C_LANGUAGE_STANDARD = gnu11;
				GCC_DYNAMIC_NO_PIC = NO;
				GCC_NO_COMMON_BLOCKS = YES;
				GCC_OPTIMIZATION_LEVEL = 0;
				GCC_PREPROCESSOR_DEFINITIONS = (
					"DEBUG=1",
					"$(inherited)",
				);
				GCC_WARN_64_TO_32_BIT_CONVERSION = YES;
				GCC_WARN_ABOUT_RETURN_TYPE = YES_ERROR;
				GCC_WARN_UNDECLARED_SELECTOR = YES;
				GCC_WARN_UNINITIALIZED_AUTOS = YES_AGGRESSIVE;
				GCC_WARN_UNUSED_FUNCTION = YES;
				GCC_WARN_UNUSED_VARIABLE = YES;
				IPHONEOS_DEPLOYMENT_TARGET = 14.5;
				MTL_ENABLE_DEBUG_INFO = INCLUDE_SOURCE;
				MTL_FAST_MATH = YES;
				ONLY_ACTIVE_ARCH = YES;
				SDKROOT = iphoneos;
				SWIFT_ACTIVE_COMPILATION_CONDITIONS = DEBUG;
				SWIFT_OPTIMIZATION_LEVEL = "-Onone";
			};
			name = Debug;
		};
		1A7D04D126B8214700F91223 /* Release */ = {
			isa = XCBuildConfiguration;
			buildSettings = {
				ALWAYS_SEARCH_USER_PATHS = NO;
				CLANG_ANALYZER_NONNULL = YES;
				CLANG_ANALYZER_NUMBER_OBJECT_CONVERSION = YES_AGGRESSIVE;
				CLANG_CXX_LANGUAGE_STANDARD = "gnu++14";
				CLANG_CXX_LIBRARY = "libc++";
				CLANG_ENABLE_MODULES = YES;
				CLANG_ENABLE_OBJC_ARC = YES;
				CLANG_ENABLE_OBJC_WEAK = YES;
				CLANG_WARN_BLOCK_CAPTURE_AUTORELEASING = YES;
				CLANG_WARN_BOOL_CONVERSION = YES;
				CLANG_WARN_COMMA = YES;
				CLANG_WARN_CONSTANT_CONVERSION = YES;
				CLANG_WARN_DEPRECATED_OBJC_IMPLEMENTATIONS = YES;
				CLANG_WARN_DIRECT_OBJC_ISA_USAGE = YES_ERROR;
				CLANG_WARN_DOCUMENTATION_COMMENTS = YES;
				CLANG_WARN_EMPTY_BODY = YES;
				CLANG_WARN_ENUM_CONVERSION = YES;
				CLANG_WARN_INFINITE_RECURSION = YES;
				CLANG_WARN_INT_CONVERSION = YES;
				CLANG_WARN_NON_LITERAL_NULL_CONVERSION = YES;
				CLANG_WARN_OBJC_IMPLICIT_RETAIN_SELF = YES;
				CLANG_WARN_OBJC_LITERAL_CONVERSION = YES;
				CLANG_WARN_OBJC_ROOT_CLASS = YES_ERROR;
				CLANG_WARN_QUOTED_INCLUDE_IN_FRAMEWORK_HEADER = YES;
				CLANG_WARN_RANGE_LOOP_ANALYSIS = YES;
				CLANG_WARN_STRICT_PROTOTYPES = YES;
				CLANG_WARN_SUSPICIOUS_MOVE = YES;
				CLANG_WARN_UNGUARDED_AVAILABILITY = YES_AGGRESSIVE;
				CLANG_WARN_UNREACHABLE_CODE = YES;
				CLANG_WARN__DUPLICATE_METHOD_MATCH = YES;
				COPY_PHASE_STRIP = NO;
				DEBUG_INFORMATION_FORMAT = "dwarf-with-dsym";
				ENABLE_NS_ASSERTIONS = NO;
				ENABLE_STRICT_OBJC_MSGSEND = YES;
				GCC_C_LANGUAGE_STANDARD = gnu11;
				GCC_NO_COMMON_BLOCKS = YES;
				GCC_WARN_64_TO_32_BIT_CONVERSION = YES;
				GCC_WARN_ABOUT_RETURN_TYPE = YES_ERROR;
				GCC_WARN_UNDECLARED_SELECTOR = YES;
				GCC_WARN_UNINITIALIZED_AUTOS = YES_AGGRESSIVE;
				GCC_WARN_UNUSED_FUNCTION = YES;
				GCC_WARN_UNUSED_VARIABLE = YES;
				IPHONEOS_DEPLOYMENT_TARGET = 14.5;
				MTL_ENABLE_DEBUG_INFO = NO;
				MTL_FAST_MATH = YES;
				SDKROOT = iphoneos;
				SWIFT_COMPILATION_MODE = wholemodule;
				SWIFT_OPTIMIZATION_LEVEL = "-O";
				VALIDATE_PRODUCT = YES;
			};
			name = Release;
		};
		1A7D04D326B8214700F91223 /* Debug */ = {
			isa = XCBuildConfiguration;
			buildSettings = {
				ASSETCATALOG_COMPILER_APPICON_NAME = AppIcon;
				ASSETCATALOG_COMPILER_GLOBAL_ACCENT_COLOR_NAME = AccentColor;
				CODE_SIGN_STYLE = Automatic;
				DEVELOPMENT_ASSET_PATHS = "\"FONImage/Preview Content\"";
				DEVELOPMENT_TEAM = 44U8VA89G3;
				ENABLE_PREVIEWS = YES;
				INFOPLIST_FILE = FONImage/Info.plist;
				IPHONEOS_DEPLOYMENT_TARGET = 14.0;
				LD_RUNPATH_SEARCH_PATHS = (
					"$(inherited)",
					"@executable_path/Frameworks",
				);
				PRODUCT_BUNDLE_IDENTIFIER = Imagefocus.FONImage;
				PRODUCT_NAME = "$(TARGET_NAME)";
				SWIFT_VERSION = 5.0;
				TARGETED_DEVICE_FAMILY = 1;
			};
			name = Debug;
		};
		1A7D04D426B8214700F91223 /* Release */ = {
			isa = XCBuildConfiguration;
			buildSettings = {
				ASSETCATALOG_COMPILER_APPICON_NAME = AppIcon;
				ASSETCATALOG_COMPILER_GLOBAL_ACCENT_COLOR_NAME = AccentColor;
				CODE_SIGN_STYLE = Automatic;
				DEVELOPMENT_ASSET_PATHS = "\"FONImage/Preview Content\"";
				DEVELOPMENT_TEAM = 44U8VA89G3;
				ENABLE_PREVIEWS = YES;
				INFOPLIST_FILE = FONImage/Info.plist;
				IPHONEOS_DEPLOYMENT_TARGET = 14.0;
				LD_RUNPATH_SEARCH_PATHS = (
					"$(inherited)",
					"@executable_path/Frameworks",
				);
				PRODUCT_BUNDLE_IDENTIFIER = Imagefocus.FONImage;
				PRODUCT_NAME = "$(TARGET_NAME)";
				SWIFT_VERSION = 5.0;
				TARGETED_DEVICE_FAMILY = 1;
			};
			name = Release;
		};
/* End XCBuildConfiguration section */

/* Begin XCConfigurationList section */
		1A7D04BE26B8214600F91223 /* Build configuration list for PBXProject "FONImage" */ = {
			isa = XCConfigurationList;
			buildConfigurations = (
				1A7D04D026B8214700F91223 /* Debug */,
				1A7D04D126B8214700F91223 /* Release */,
			);
			defaultConfigurationIsVisible = 0;
			defaultConfigurationName = Release;
		};
		1A7D04D226B8214700F91223 /* Build configuration list for PBXNativeTarget "FONImage" */ = {
			isa = XCConfigurationList;
			buildConfigurations = (
				1A7D04D326B8214700F91223 /* Debug */,
				1A7D04D426B8214700F91223 /* Release */,
			);
			defaultConfigurationIsVisible = 0;
			defaultConfigurationName = Release;
		};
/* End XCConfigurationList section */
	};
	rootObject = 1A7D04BB26B8214600F91223 /* Project object */;
}
